
Microsoft Visual Studio Solution File, Format Version 12.00
# Visual Studio Version 16
VisualStudioVersion = 16.0.31205.134
MinimumVisualStudioVersion = 10.0.40219.1
Project("{FAE04EC0-301F-11D3-BF4B-00C04F79EFBC}") = "PTPMQL07", "PTPMQL07\PTPMQL07.csproj", "{21AF1510-0080-4263-9A10-8054E168ED06}"
EndProject
Global
	GlobalSection(SolutionConfigurationPlatforms) = preSolution
		Debug|Any CPU = Debug|Any CPU
		Release|Any CPU = Release|Any CPU
	EndGlobalSection
	GlobalSection(ProjectConfigurationPlatforms) = postSolution
		{21AF1510-0080-4263-9A10-8054E168ED06}.Debug|Any CPU.ActiveCfg = Debug|Any CPU
		{21AF1510-0080-4263-9A10-8054E168ED06}.Debug|Any CPU.Build.0 = Debug|Any CPU
		{21AF1510-0080-4263-9A10-8054E168ED06}.Release|Any CPU.ActiveCfg = Release|Any CPU
		{21AF1510-0080-4263-9A10-8054E168ED06}.Release|Any CPU.Build.0 = Release|Any CPU
	EndGlobalSection
	GlobalSection(SolutionProperties) = preSolution
		HideSolutionNode = FALSE
	EndGlobalSection
	GlobalSection(ExtensibilityGlobals) = postSolution
		SolutionGuid = {3AE2A70A-A923-477B-AC28-FA7898136179}
	EndGlobalSection
EndGlobal
